
Microsoft Visual Studio Solution File, Format Version 12.00
# Visual Studio Version 17
VisualStudioVersion = 17.9.34723.18
MinimumVisualStudioVersion = 10.0.40219.1
Project("{FAE04EC0-301F-11D3-BF4B-00C04F79EFBC}") = "AgregarMascota", "AgregarMascota\AgregarMascota.csproj", "{DB62DB5C-F5E1-46C3-A883-AAF11B335FF5}"
EndProject
Project("{2150E333-8FDC-42A3-9474-1A3956D46DE8}") = "Modelo", "Modelo", "{C25C92C8-2FF0-4737-8D8D-B2DB6572748C}"
EndProject
Project("{2150E333-8FDC-42A3-9474-1A3956D46DE8}") = "Controlador", "Controlador", "{B3970D46-6AE5-4791-9E31-1504FF5A1390}"
EndProject
Project("{2150E333-8FDC-42A3-9474-1A3956D46DE8}") = "Vista", "Vista", "{AFA330AE-AB14-4174-ACFA-5C55180A8FFC}"
EndProject
Project("{2150E333-8FDC-42A3-9474-1A3956D46DE8}") = "DAO", "DAO", "{EC3C311E-496F-48B0-AD21-4E71B20E84EF}"
EndProject
Project("{2150E333-8FDC-42A3-9474-1A3956D46DE8}") = "DTO", "DTO", "{8CC1E70C-2815-44E6-97C3-2B7BB7968FAB}"
EndProject
Global
	GlobalSection(SolutionConfigurationPlatforms) = preSolution
		Debug|Any CPU = Debug|Any CPU
		Release|Any CPU = Release|Any CPU
	EndGlobalSection
	GlobalSection(ProjectConfigurationPlatforms) = postSolution
		{DB62DB5C-F5E1-46C3-A883-AAF11B335FF5}.Debug|Any CPU.ActiveCfg = Debug|Any CPU
		{DB62DB5C-F5E1-46C3-A883-AAF11B335FF5}.Debug|Any CPU.Build.0 = Debug|Any CPU
		{DB62DB5C-F5E1-46C3-A883-AAF11B335FF5}.Release|Any CPU.ActiveCfg = Release|Any CPU
		{DB62DB5C-F5E1-46C3-A883-AAF11B335FF5}.Release|Any CPU.Build.0 = Release|Any CPU
	EndGlobalSection
	GlobalSection(SolutionProperties) = preSolution
		HideSolutionNode = FALSE
	EndGlobalSection
	GlobalSection(NestedProjects) = preSolution
		{DB62DB5C-F5E1-46C3-A883-AAF11B335FF5} = {AFA330AE-AB14-4174-ACFA-5C55180A8FFC}
		{EC3C311E-496F-48B0-AD21-4E71B20E84EF} = {C25C92C8-2FF0-4737-8D8D-B2DB6572748C}
		{8CC1E70C-2815-44E6-97C3-2B7BB7968FAB} = {C25C92C8-2FF0-4737-8D8D-B2DB6572748C}
	EndGlobalSection
	GlobalSection(ExtensibilityGlobals) = postSolution
		SolutionGuid = {F0244554-E487-457E-A39B-7AC0280DA9D2}
	EndGlobalSection
EndGlobal
